# This file is automatically @generated by Cargo.
# It is not intended for manual editing.
version = 4

[[package]]
name = "solana-yellowstone-domain"
version = "0.1.0"

[[package]]
name = "solana-yellowstone-storage"
version = "0.1.0"
dependencies = [
 "solana-yellowstone-domain",
]

[[package]]
name = "solana-yellowstone-stream"
version = "0.1.0"
dependencies = [
 "solana-yellowstone-domain",
]

[[package]]
name = "solana-yellowstone-stream-processor"
version = "0.1.0"
dependencies = [
 "solana-yellowstone-domain",
 "solana-yellowstone-storage",
 "solana-yellowstone-stream",
]
